
Microsoft Visual Studio Solution File, Format Version 12.00
# Visual Studio Version 16
VisualStudioVersion = 16.0.29926.136
MinimumVisualStudioVersion = 15.0.26124.0
Project("{9A19103F-16F7-4668-BE54-9A1E7A4F7556}") = "Calculator", "Calculator\Calculator.csproj", "{D65351A5-2339-4786-9717-06F647E8DB84}"
EndProject
Project("{9A19103F-16F7-4668-BE54-9A1E7A4F7556}") = "Tests", "Tests\Tests.csproj", "{56346256-1885-4A97-ABE1-662B6C03C6AF}"
EndProject
Project("{FAE04EC0-301F-11D3-BF4B-00C04F79EFBC}") = "UnitTests", "UnitTests\UnitTests.csproj", "{ADCBFB54-5BCE-435E-A192-32D6499266EC}"
EndProject
Global
	GlobalSection(SolutionConfigurationPlatforms) = preSolution
		Debug|Any CPU = Debug|Any CPU
		Debug|x64 = Debug|x64
		Debug|x86 = Debug|x86
		Release|Any CPU = Release|Any CPU
		Release|x64 = Release|x64
		Release|x86 = Release|x86
	EndGlobalSection
	GlobalSection(ProjectConfigurationPlatforms) = postSolution
		{D65351A5-2339-4786-9717-06F647E8DB84}.Debug|Any CPU.ActiveCfg = Debug|Any CPU
		{D65351A5-2339-4786-9717-06F647E8DB84}.Debug|Any CPU.Build.0 = Debug|Any CPU
		{D65351A5-2339-4786-9717-06F647E8DB84}.Debug|x64.ActiveCfg = Debug|Any CPU
		{D65351A5-2339-4786-9717-06F647E8DB84}.Debug|x64.Build.0 = Debug|Any CPU
		{D65351A5-2339-4786-9717-06F647E8DB84}.Debug|x86.ActiveCfg = Debug|Any CPU
		{D65351A5-2339-4786-9717-06F647E8DB84}.Debug|x86.Build.0 = Debug|Any CPU
		{D65351A5-2339-4786-9717-06F647E8DB84}.Release|Any CPU.ActiveCfg = Release|Any CPU
		{D65351A5-2339-4786-9717-06F647E8DB84}.Release|Any CPU.Build.0 = Release|Any CPU
		{D65351A5-2339-4786-9717-06F647E8DB84}.Release|x64.ActiveCfg = Release|Any CPU
		{D65351A5-2339-4786-9717-06F647E8DB84}.Release|x64.Build.0 = Release|Any CPU
		{D65351A5-2339-4786-9717-06F647E8DB84}.Release|x86.ActiveCfg = Release|Any CPU
		{D65351A5-2339-4786-9717-06F647E8DB84}.Release|x86.Build.0 = Release|Any CPU
		{56346256-1885-4A97-ABE1-662B6C03C6AF}.Debug|Any CPU.ActiveCfg = Debug|Any CPU
		{56346256-1885-4A97-ABE1-662B6C03C6AF}.Debug|Any CPU.Build.0 = Debug|Any CPU
		{56346256-1885-4A97-ABE1-662B6C03C6AF}.Debug|x64.ActiveCfg = Debug|Any CPU
		{56346256-1885-4A97-ABE1-662B6C03C6AF}.Debug|x64.Build.0 = Debug|Any CPU
		{56346256-1885-4A97-ABE1-662B6C03C6AF}.Debug|x86.ActiveCfg = Debug|Any CPU
		{56346256-1885-4A97-ABE1-662B6C03C6AF}.Debug|x86.Build.0 = Debug|Any CPU
		{56346256-1885-4A97-ABE1-662B6C03C6AF}.Release|Any CPU.ActiveCfg = Release|Any CPU
		{56346256-1885-4A97-ABE1-662B6C03C6AF}.Release|Any CPU.Build.0 = Release|Any CPU
		{56346256-1885-4A97-ABE1-662B6C03C6AF}.Release|x64.ActiveCfg = Release|Any CPU
		{56346256-1885-4A97-ABE1-662B6C03C6AF}.Release|x64.Build.0 = Release|Any CPU
		{56346256-1885-4A97-ABE1-662B6C03C6AF}.Release|x86.ActiveCfg = Release|Any CPU
		{56346256-1885-4A97-ABE1-662B6C03C6AF}.Release|x86.Build.0 = Release|Any CPU
		{ADCBFB54-5BCE-435E-A192-32D6499266EC}.Debug|Any CPU.ActiveCfg = Debug|Any CPU
		{ADCBFB54-5BCE-435E-A192-32D6499266EC}.Debug|Any CPU.Build.0 = Debug|Any CPU
		{ADCBFB54-5BCE-435E-A192-32D6499266EC}.Debug|x64.ActiveCfg = Debug|Any CPU
		{ADCBFB54-5BCE-435E-A192-32D6499266EC}.Debug|x64.Build.0 = Debug|Any CPU
		{ADCBFB54-5BCE-435E-A192-32D6499266EC}.Debug|x86.ActiveCfg = Debug|Any CPU
		{ADCBFB54-5BCE-435E-A192-32D6499266EC}.Debug|x86.Build.0 = Debug|Any CPU
		{ADCBFB54-5BCE-435E-A192-32D6499266EC}.Release|Any CPU.ActiveCfg = Release|Any CPU
		{ADCBFB54-5BCE-435E-A192-32D6499266EC}.Release|Any CPU.Build.0 = Release|Any CPU
		{ADCBFB54-5BCE-435E-A192-32D6499266EC}.Release|x64.ActiveCfg = Release|Any CPU
		{ADCBFB54-5BCE-435E-A192-32D6499266EC}.Release|x64.Build.0 = Release|Any CPU
		{ADCBFB54-5BCE-435E-A192-32D6499266EC}.Release|x86.ActiveCfg = Release|Any CPU
		{ADCBFB54-5BCE-435E-A192-32D6499266EC}.Release|x86.Build.0 = Release|Any CPU
	EndGlobalSection
	GlobalSection(SolutionProperties) = preSolution
		HideSolutionNode = FALSE
	EndGlobalSection
	GlobalSection(ExtensibilityGlobals) = postSolution
		SolutionGuid = {DE0AAC59-A29A-481C-94EF-D4710CEF5E4C}
	EndGlobalSection
EndGlobal
